// !$*UTF8*$!
{
	archiveVersion = 1;
	classes = {
	};
	objectVersion = 45;
	objects = {

/* Begin PBXBuildFile section */
		1D3623260D0F684500981E51 /* PaidItAppDelegate.m in Sources */ = {isa = PBXBuildFile; fileRef = 1D3623250D0F684500981E51 /* PaidItAppDelegate.m */; };
		1D60589B0D05DD56006BFB54 /* main.m in Sources */ = {isa = PBXBuildFile; fileRef = 29B97316FDCFA39411CA2CEA /* main.m */; };
		1D60589F0D05DD5A006BFB54 /* Foundation.framework in Frameworks */ = {isa = PBXBuildFile; fileRef = 1D30AB110D05D00D00671497 /* Foundation.framework */; };
		1DF5F4E00D08C38300B7A737 /* UIKit.framework in Frameworks */ = {isa = PBXBuildFile; fileRef = 1DF5F4DF0D08C38300B7A737 /* UIKit.framework */; };
		288765FD0DF74451002DB57D /* CoreGraphics.framework in Frameworks */ = {isa = PBXBuildFile; fileRef = 288765FC0DF74451002DB57D /* CoreGraphics.framework */; };
		28AD733F0D9D9553002E5188 /* MainWindow.xib in Resources */ = {isa = PBXBuildFile; fileRef = 28AD733E0D9D9553002E5188 /* MainWindow.xib */; };
		5BB5EBC50F4C5554001CCDCB /* AddEvent.xib in Resources */ = {isa = PBXBuildFile; fileRef = 5BB5EBC40F4C5554001CCDCB /* AddEvent.xib */; };
		5BB950F70F52A6E900E9B31F /* AddPayment.xib in Resources */ = {isa = PBXBuildFile; fileRef = 5BB950F60F52A6E900E9B31F /* AddPayment.xib */; };
		5BC37D8E0F497924003D08DC /* EventsViewController.xib in Resources */ = {isa = PBXBuildFile; fileRef = 5BC37D8D0F497924003D08DC /* EventsViewController.xib */; };
		5BC37F1F0F49943C003D08DC /* Payments.xib in Resources */ = {isa = PBXBuildFile; fileRef = 5BC37F1E0F49943C003D08DC /* Payments.xib */; };
		5BC5A9000F53FA7D0040CE83 /* PaymentTableCell.xib in Resources */ = {isa = PBXBuildFile; fileRef = 5BC5A8FF0F53FA7D0040CE83 /* PaymentTableCell.xib */; };
		5BDA45950F55E31600B7E253 /* PaymentCell.m in Sources */ = {isa = PBXBuildFile; fileRef = 5BDA45940F55E31600B7E253 /* PaymentCell.m */; };
		5BDA45A50F55E35700B7E253 /* AddEventsViewController.m in Sources */ = {isa = PBXBuildFile; fileRef = 5BDA459C0F55E35700B7E253 /* AddEventsViewController.m */; };
		5BDA45A70F55E35700B7E253 /* EventsViewController.m in Sources */ = {isa = PBXBuildFile; fileRef = 5BDA45A00F55E35700B7E253 /* EventsViewController.m */; };
		5BDA45A80F55E35700B7E253 /* PaymentDetailController.m in Sources */ = {isa = PBXBuildFile; fileRef = 5BDA45A20F55E35700B7E253 /* PaymentDetailController.m */; };
		5BDA45A90F55E35700B7E253 /* PaymentsViewController.m in Sources */ = {isa = PBXBuildFile; fileRef = 5BDA45A40F55E35700B7E253 /* PaymentsViewController.m */; };
		5BDA45B20F55E38100B7E253 /* Event.m in Sources */ = {isa = PBXBuildFile; fileRef = 5BDA45AB0F55E38100B7E253 /* Event.m */; };
		5BDA45B30F55E38100B7E253 /* Payment.m in Sources */ = {isa = PBXBuildFile; fileRef = 5BDA45AD0F55E38100B7E253 /* Payment.m */; };
		5BDA45B40F55E38100B7E253 /* PaymentType.m in Sources */ = {isa = PBXBuildFile; fileRef = 5BDA45AF0F55E38100B7E253 /* PaymentType.m */; };
		5BDA45B50F55E38100B7E253 /* Person.m in Sources */ = {isa = PBXBuildFile; fileRef = 5BDA45B10F55E38100B7E253 /* Person.m */; };
		5BF511E20F589F2F00876DCB /* PaymentDetail.xib in Resources */ = {isa = PBXBuildFile; fileRef = 5BF511E10F589F2F00876DCB /* PaymentDetail.xib */; };
		5BF511EC0F589FB100876DCB /* AddPaymentController.m in Sources */ = {isa = PBXBuildFile; fileRef = 5BF511EB0F589FB100876DCB /* AddPaymentController.m */; };
		5BF6B0EA0F58711D00D871E1 /* ValueTableCell.m in Sources */ = {isa = PBXBuildFile; fileRef = 5BF6B0E90F58711D00D871E1 /* ValueTableCell.m */; };
/* End PBXBuildFile section */

/* Begin PBXFileReference section */
		1D30AB110D05D00D00671497 /* Foundation.framework */ = {isa = PBXFileReference; lastKnownFileType = wrapper.framework; name = Foundation.framework; path = System/Library/Frameworks/Foundation.framework; sourceTree = SDKROOT; };
		1D3623240D0F684500981E51 /* PaidItAppDelegate.h */ = {isa = PBXFileReference; fileEncoding = 4; lastKnownFileType = sourcecode.c.h; path = PaidItAppDelegate.h; sourceTree = "<group>"; };
		1D3623250D0F684500981E51 /* PaidItAppDelegate.m */ = {isa = PBXFileReference; fileEncoding = 4; lastKnownFileType = sourcecode.c.objc; path = PaidItAppDelegate.m; sourceTree = "<group>"; };
		1D6058910D05DD3D006BFB54 /* PaidIt.app */ = {isa = PBXFileReference; explicitFileType = wrapper.application; includeInIndex = 0; path = PaidIt.app; sourceTree = BUILT_PRODUCTS_DIR; };
		1DF5F4DF0D08C38300B7A737 /* UIKit.framework */ = {isa = PBXFileReference; lastKnownFileType = wrapper.framework; name = UIKit.framework; path = System/Library/Frameworks/UIKit.framework; sourceTree = SDKROOT; };
		288765FC0DF74451002DB57D /* CoreGraphics.framework */ = {isa = PBXFileReference; lastKnownFileType = wrapper.framework; name = CoreGraphics.framework; path = System/Library/Frameworks/CoreGraphics.framework; sourceTree = SDKROOT; };
		28AD733E0D9D9553002E5188 /* MainWindow.xib */ = {isa = PBXFileReference; lastKnownFileType = file.xib; path = MainWindow.xib; sourceTree = "<group>"; };
		29B97316FDCFA39411CA2CEA /* main.m */ = {isa = PBXFileReference; fileEncoding = 4; lastKnownFileType = sourcecode.c.objc; path = main.m; sourceTree = "<group>"; };
		32CA4F630368D1EE00C91783 /* PaidIt_Prefix.pch */ = {isa = PBXFileReference; fileEncoding = 4; lastKnownFileType = sourcecode.c.h; path = PaidIt_Prefix.pch; sourceTree = "<group>"; };
		5BB5EBC40F4C5554001CCDCB /* AddEvent.xib */ = {isa = PBXFileReference; lastKnownFileType = file.xib; path = AddEvent.xib; sourceTree = "<group>"; };
		5BB950F60F52A6E900E9B31F /* AddPayment.xib */ = {isa = PBXFileReference; lastKnownFileType = file.xib; path = AddPayment.xib; sourceTree = "<group>"; };
		5BC37D8D0F497924003D08DC /* EventsViewController.xib */ = {isa = PBXFileReference; lastKnownFileType = file.xib; path = EventsViewController.xib; sourceTree = "<group>"; };
		5BC37F1E0F49943C003D08DC /* Payments.xib */ = {isa = PBXFileReference; lastKnownFileType = file.xib; path = Payments.xib; sourceTree = "<group>"; };
		5BC5A8FF0F53FA7D0040CE83 /* PaymentTableCell.xib */ = {isa = PBXFileReference; lastKnownFileType = file.xib; path = PaymentTableCell.xib; sourceTree = "<group>"; };
		5BDA45930F55E31600B7E253 /* PaymentCell.h */ = {isa = PBXFileReference; fileEncoding = 4; lastKnownFileType = sourcecode.c.h; name = PaymentCell.h; path = View/PaymentCell.h; sourceTree = "<group>"; };
		5BDA45940F55E31600B7E253 /* PaymentCell.m */ = {isa = PBXFileReference; fileEncoding = 4; lastKnownFileType = sourcecode.c.objc; name = PaymentCell.m; path = View/PaymentCell.m; sourceTree = "<group>"; };
		5BDA459B0F55E35700B7E253 /* AddEventsViewController.h */ = {isa = PBXFileReference; fileEncoding = 4; lastKnownFileType = sourcecode.c.h; name = AddEventsViewController.h; path = Controller/AddEventsViewController.h; sourceTree = "<group>"; };
		5BDA459C0F55E35700B7E253 /* AddEventsViewController.m */ = {isa = PBXFileReference; fileEncoding = 4; lastKnownFileType = sourcecode.c.objc; name = AddEventsViewController.m; path = Controller/AddEventsViewController.m; sourceTree = "<group>"; };
		5BDA459F0F55E35700B7E253 /* EventsViewController.h */ = {isa = PBXFileReference; fileEncoding = 4; lastKnownFileType = sourcecode.c.h; name = EventsViewController.h; path = Controller/EventsViewController.h; sourceTree = "<group>"; };
		5BDA45A00F55E35700B7E253 /* EventsViewController.m */ = {isa = PBXFileReference; fileEncoding = 4; lastKnownFileType = sourcecode.c.objc; name = EventsViewController.m; path = Controller/EventsViewController.m; sourceTree = "<group>"; };
		5BDA45A10F55E35700B7E253 /* PaymentDetailController.h */ = {isa = PBXFileReference; fileEncoding = 4; lastKnownFileType = sourcecode.c.h; name = PaymentDetailController.h; path = Controller/PaymentDetailController.h; sourceTree = "<group>"; };
		5BDA45A20F55E35700B7E253 /* PaymentDetailController.m */ = {isa = PBXFileReference; fileEncoding = 4; lastKnownFileType = sourcecode.c.objc; name = PaymentDetailController.m; path = Controller/PaymentDetailController.m; sourceTree = "<group>"; };
		5BDA45A30F55E35700B7E253 /* PaymentsViewController.h */ = {isa = PBXFileReference; fileEncoding = 4; lastKnownFileType = sourcecode.c.h; name = PaymentsViewController.h; path = Controller/PaymentsViewController.h; sourceTree = "<group>"; };
		5BDA45A40F55E35700B7E253 /* PaymentsViewController.m */ = {isa = PBXFileReference; fileEncoding = 4; lastKnownFileType = sourcecode.c.objc; name = PaymentsViewController.m; path = Controller/PaymentsViewController.m; sourceTree = "<group>"; };
		5BDA45AA0F55E38100B7E253 /* Event.h */ = {isa = PBXFileReference; fileEncoding = 4; lastKnownFileType = sourcecode.c.h; name = Event.h; path = Model/Event.h; sourceTree = "<group>"; };
		5BDA45AB0F55E38100B7E253 /* Event.m */ = {isa = PBXFileReference; fileEncoding = 4; lastKnownFileType = sourcecode.c.objc; name = Event.m; path = Model/Event.m; sourceTree = "<group>"; };
		5BDA45AC0F55E38100B7E253 /* Payment.h */ = {isa = PBXFileReference; fileEncoding = 4; lastKnownFileType = sourcecode.c.h; name = Payment.h; path = Model/Payment.h; sourceTree = "<group>"; };
		5BDA45AD0F55E38100B7E253 /* Payment.m */ = {isa = PBXFileReference; fileEncoding = 4; lastKnownFileType = sourcecode.c.objc; name = Payment.m; path = Model/Payment.m; sourceTree = "<group>"; };
		5BDA45AE0F55E38100B7E253 /* PaymentType.h */ = {isa = PBXFileReference; fileEncoding = 4; lastKnownFileType = sourcecode.c.h; name = PaymentType.h; path = Model/PaymentType.h; sourceTree = "<group>"; };
		5BDA45AF0F55E38100B7E253 /* PaymentType.m */ = {isa = PBXFileReference; fileEncoding = 4; lastKnownFileType = sourcecode.c.objc; name = PaymentType.m; path = Model/PaymentType.m; sourceTree = "<group>"; };
		5BDA45B00F55E38100B7E253 /* Person.h */ = {isa = PBXFileReference; fileEncoding = 4; lastKnownFileType = sourcecode.c.h; name = Person.h; path = Model/Person.h; sourceTree = "<group>"; };
		5BDA45B10F55E38100B7E253 /* Person.m */ = {isa = PBXFileReference; fileEncoding = 4; lastKnownFileType = sourcecode.c.objc; name = Person.m; path = Model/Person.m; sourceTree = "<group>"; };
		5BF511E10F589F2F00876DCB /* PaymentDetail.xib */ = {isa = PBXFileReference; lastKnownFileType = file.xib; path = PaymentDetail.xib; sourceTree = "<group>"; };
		5BF511EA0F589FB100876DCB /* AddPaymentController.h */ = {isa = PBXFileReference; fileEncoding = 4; lastKnownFileType = sourcecode.c.h; name = AddPaymentController.h; path = Controller/AddPaymentController.h; sourceTree = "<group>"; };
		5BF511EB0F589FB100876DCB /* AddPaymentController.m */ = {isa = PBXFileReference; fileEncoding = 4; lastKnownFileType = sourcecode.c.objc; name = AddPaymentController.m; path = Controller/AddPaymentController.m; sourceTree = "<group>"; };
		5BF6B0E80F58711D00D871E1 /* ValueTableCell.h */ = {isa = PBXFileReference; fileEncoding = 4; lastKnownFileType = sourcecode.c.h; name = ValueTableCell.h; path = View/ValueTableCell.h; sourceTree = "<group>"; };
		5BF6B0E90F58711D00D871E1 /* ValueTableCell.m */ = {isa = PBXFileReference; fileEncoding = 4; lastKnownFileType = sourcecode.c.objc; name = ValueTableCell.m; path = View/ValueTableCell.m; sourceTree = "<group>"; };
		8D1107310486CEB800E47090 /* Info.plist */ = {isa = PBXFileReference; fileEncoding = 4; lastKnownFileType = text.plist.xml; path = Info.plist; sourceTree = "<group>"; };
/* End PBXFileReference section */

/* Begin PBXFrameworksBuildPhase section */
		1D60588F0D05DD3D006BFB54 /* Frameworks */ = {
			isa = PBXFrameworksBuildPhase;
			buildActionMask = 2147483647;
			files = (
				1D60589F0D05DD5A006BFB54 /* Foundation.framework in Frameworks */,
				1DF5F4E00D08C38300B7A737 /* UIKit.framework in Frameworks */,
				288765FD0DF74451002DB57D /* CoreGraphics.framework in Frameworks */,
			);
			runOnlyForDeploymentPostprocessing = 0;
		};
/* End PBXFrameworksBuildPhase section */

/* Begin PBXGroup section */
		080E96DDFE201D6D7F000001 /* Classes */ = {
			isa = PBXGroup;
			children = (
				5BDA458E0F55E2DF00B7E253 /* View */,
				1D3623240D0F684500981E51 /* PaidItAppDelegate.h */,
				1D3623250D0F684500981E51 /* PaidItAppDelegate.m */,
				5BBA55F10F3B851E00CF98E0 /* Model */,
				5BDA45780F55E02800B7E253 /* Controller */,
			);
			path = Classes;
			sourceTree = "<group>";
		};
		19C28FACFE9D520D11CA2CBB /* Products */ = {
			isa = PBXGroup;
			children = (
				1D6058910D05DD3D006BFB54 /* PaidIt.app */,
			);
			name = Products;
			sourceTree = "<group>";
		};
		29B97314FDCFA39411CA2CEA /* CustomTemplate */ = {
			isa = PBXGroup;
			children = (
				080E96DDFE201D6D7F000001 /* Classes */,
				29B97315FDCFA39411CA2CEA /* Other Sources */,
				29B97317FDCFA39411CA2CEA /* Resources */,
				29B97323FDCFA39411CA2CEA /* Frameworks */,
				19C28FACFE9D520D11CA2CBB /* Products */,
			);
			name = CustomTemplate;
			sourceTree = "<group>";
		};
		29B97315FDCFA39411CA2CEA /* Other Sources */ = {
			isa = PBXGroup;
			children = (
				32CA4F630368D1EE00C91783 /* PaidIt_Prefix.pch */,
				29B97316FDCFA39411CA2CEA /* main.m */,
			);
			name = "Other Sources";
			sourceTree = "<group>";
		};
		29B97317FDCFA39411CA2CEA /* Resources */ = {
			isa = PBXGroup;
			children = (
				8D1107310486CEB800E47090 /* Info.plist */,
				28AD733E0D9D9553002E5188 /* MainWindow.xib */,
				5BC37D8D0F497924003D08DC /* EventsViewController.xib */,
				5BB5EBC40F4C5554001CCDCB /* AddEvent.xib */,
				5BC37F1E0F49943C003D08DC /* Payments.xib */,
				5BB950F60F52A6E900E9B31F /* AddPayment.xib */,
				5BC5A8FF0F53FA7D0040CE83 /* PaymentTableCell.xib */,
				5BF511E10F589F2F00876DCB /* PaymentDetail.xib */,
			);
			name = Resources;
			sourceTree = "<group>";
		};
		29B97323FDCFA39411CA2CEA /* Frameworks */ = {
			isa = PBXGroup;
			children = (
				1DF5F4DF0D08C38300B7A737 /* UIKit.framework */,
				1D30AB110D05D00D00671497 /* Foundation.framework */,
				288765FC0DF74451002DB57D /* CoreGraphics.framework */,
			);
			name = Frameworks;
			sourceTree = "<group>";
		};
		5BBA55F10F3B851E00CF98E0 /* Model */ = {
			isa = PBXGroup;
			children = (
				5BDA45AA0F55E38100B7E253 /* Event.h */,
				5BDA45AB0F55E38100B7E253 /* Event.m */,
				5BDA45AC0F55E38100B7E253 /* Payment.h */,
				5BDA45AD0F55E38100B7E253 /* Payment.m */,
				5BDA45AE0F55E38100B7E253 /* PaymentType.h */,
				5BDA45AF0F55E38100B7E253 /* PaymentType.m */,
				5BDA45B00F55E38100B7E253 /* Person.h */,
				5BDA45B10F55E38100B7E253 /* Person.m */,
			);
			name = Model;
			sourceTree = "<group>";
		};
		5BDA45780F55E02800B7E253 /* Controller */ = {
			isa = PBXGroup;
			children = (
				5BDA459B0F55E35700B7E253 /* AddEventsViewController.h */,
				5BDA459C0F55E35700B7E253 /* AddEventsViewController.m */,
				5BDA459F0F55E35700B7E253 /* EventsViewController.h */,
				5BDA45A00F55E35700B7E253 /* EventsViewController.m */,
				5BDA45A10F55E35700B7E253 /* PaymentDetailController.h */,
				5BDA45A20F55E35700B7E253 /* PaymentDetailController.m */,
				5BDA45A30F55E35700B7E253 /* PaymentsViewController.h */,
				5BDA45A40F55E35700B7E253 /* PaymentsViewController.m */,
				5BF511EA0F589FB100876DCB /* AddPaymentController.h */,
				5BF511EB0F589FB100876DCB /* AddPaymentController.m */,
			);
			name = Controller;
			sourceTree = "<group>";
		};
		5BDA458E0F55E2DF00B7E253 /* View */ = {
			isa = PBXGroup;
			children = (
				5BDA45930F55E31600B7E253 /* PaymentCell.h */,
				5BDA45940F55E31600B7E253 /* PaymentCell.m */,
				5BF6B0E80F58711D00D871E1 /* ValueTableCell.h */,
				5BF6B0E90F58711D00D871E1 /* ValueTableCell.m */,
			);
			name = View;
			sourceTree = "<group>";
		};
/* End PBXGroup section */

/* Begin PBXNativeTarget section */
		1D6058900D05DD3D006BFB54 /* PaidIt */ = {
			isa = PBXNativeTarget;
			buildConfigurationList = 1D6058960D05DD3E006BFB54 /* Build configuration list for PBXNativeTarget "PaidIt" */;
			buildPhases = (
				1D60588D0D05DD3D006BFB54 /* Resources */,
				1D60588E0D05DD3D006BFB54 /* Sources */,
				1D60588F0D05DD3D006BFB54 /* Frameworks */,
			);
			buildRules = (
			);
			dependencies = (
			);
			name = PaidIt;
			productName = PaidIt;
			productReference = 1D6058910D05DD3D006BFB54 /* PaidIt.app */;
			productType = "com.apple.product-type.application";
		};
/* End PBXNativeTarget section */

/* Begin PBXProject section */
		29B97313FDCFA39411CA2CEA /* Project object */ = {
			isa = PBXProject;
			buildConfigurationList = C01FCF4E08A954540054247B /* Build configuration list for PBXProject "PaidIt" */;
			compatibilityVersion = "Xcode 3.1";
			hasScannedForEncodings = 1;
			mainGroup = 29B97314FDCFA39411CA2CEA /* CustomTemplate */;
			projectDirPath = "";
			projectRoot = "";
			targets = (
				1D6058900D05DD3D006BFB54 /* PaidIt */,
			);
		};
/* End PBXProject section */

/* Begin PBXResourcesBuildPhase section */
		1D60588D0D05DD3D006BFB54 /* Resources */ = {
			isa = PBXResourcesBuildPhase;
			buildActionMask = 2147483647;
			files = (
				28AD733F0D9D9553002E5188 /* MainWindow.xib in Resources */,
				5BC37D8E0F497924003D08DC /* EventsViewController.xib in Resources */,
				5BC37F1F0F49943C003D08DC /* Payments.xib in Resources */,
				5BB5EBC50F4C5554001CCDCB /* AddEvent.xib in Resources */,
				5BB950F70F52A6E900E9B31F /* AddPayment.xib in Resources */,
				5BC5A9000F53FA7D0040CE83 /* PaymentTableCell.xib in Resources */,
				5BF511E20F589F2F00876DCB /* PaymentDetail.xib in Resources */,
			);
			runOnlyForDeploymentPostprocessing = 0;
		};
/* End PBXResourcesBuildPhase section */

/* Begin PBXSourcesBuildPhase section */
		1D60588E0D05DD3D006BFB54 /* Sources */ = {
			isa = PBXSourcesBuildPhase;
			buildActionMask = 2147483647;
			files = (
				1D60589B0D05DD56006BFB54 /* main.m in Sources */,
				1D3623260D0F684500981E51 /* PaidItAppDelegate.m in Sources */,
				5BDA45950F55E31600B7E253 /* PaymentCell.m in Sources */,
				5BDA45A50F55E35700B7E253 /* AddEventsViewController.m in Sources */,
				5BDA45A70F55E35700B7E253 /* EventsViewController.m in Sources */,
				5BDA45A80F55E35700B7E253 /* PaymentDetailController.m in Sources */,
				5BDA45A90F55E35700B7E253 /* PaymentsViewController.m in Sources */,
				5BDA45B20F55E38100B7E253 /* Event.m in Sources */,
				5BDA45B30F55E38100B7E253 /* Payment.m in Sources */,
				5BDA45B40F55E38100B7E253 /* PaymentType.m in Sources */,
				5BDA45B50F55E38100B7E253 /* Person.m in Sources */,
				5BF6B0EA0F58711D00D871E1 /* ValueTableCell.m in Sources */,
				5BF511EC0F589FB100876DCB /* AddPaymentController.m in Sources */,
			);
			runOnlyForDeploymentPostprocessing = 0;
		};
/* End PBXSourcesBuildPhase section */

/* Begin XCBuildConfiguration section */
		1D6058940D05DD3E006BFB54 /* Debug */ = {
			isa = XCBuildConfiguration;
			buildSettings = {
				ALWAYS_SEARCH_USER_PATHS = NO;
				COPY_PHASE_STRIP = NO;
				GCC_DYNAMIC_NO_PIC = NO;
				GCC_OPTIMIZATION_LEVEL = 0;
				GCC_PRECOMPILE_PREFIX_HEADER = YES;
				GCC_PREFIX_HEADER = PaidIt_Prefix.pch;
				INFOPLIST_FILE = Info.plist;
				PRODUCT_NAME = PaidIt;
			};
			name = Debug;
		};
		1D6058950D05DD3E006BFB54 /* Release */ = {
			isa = XCBuildConfiguration;
			buildSettings = {
				ALWAYS_SEARCH_USER_PATHS = NO;
				COPY_PHASE_STRIP = YES;
				GCC_PRECOMPILE_PREFIX_HEADER = YES;
				GCC_PREFIX_HEADER = PaidIt_Prefix.pch;
				INFOPLIST_FILE = Info.plist;
				PRODUCT_NAME = PaidIt;
			};
			name = Release;
		};
		C01FCF4F08A954540054247B /* Debug */ = {
			isa = XCBuildConfiguration;
			buildSettings = {
				ARCHS = "$(ARCHS_STANDARD_32_BIT)";
				"CODE_SIGN_IDENTITY[sdk=iphoneos*]" = "iPhone Developer";
				GCC_C_LANGUAGE_STANDARD = c99;
				GCC_WARN_ABOUT_RETURN_TYPE = YES;
				GCC_WARN_UNUSED_VARIABLE = YES;
				ONLY_ACTIVE_ARCH = YES;
				PREBINDING = NO;
				SDKROOT = iphoneos2.2.1;
			};
			name = Debug;
		};
		C01FCF5008A954540054247B /* Release */ = {
			isa = XCBuildConfiguration;
			buildSettings = {
				ARCHS = "$(ARCHS_STANDARD_32_BIT)";
				"CODE_SIGN_IDENTITY[sdk=iphoneos*]" = "iPhone Developer";
				GCC_C_LANGUAGE_STANDARD = c99;
				GCC_WARN_ABOUT_RETURN_TYPE = YES;
				GCC_WARN_UNUSED_VARIABLE = YES;
				PREBINDING = NO;
				SDKROOT = iphoneos2.2.1;
			};
			name = Release;
		};
/* End XCBuildConfiguration section */

/* Begin XCConfigurationList section */
		1D6058960D05DD3E006BFB54 /* Build configuration list for PBXNativeTarget "PaidIt" */ = {
			isa = XCConfigurationList;
			buildConfigurations = (
				1D6058940D05DD3E006BFB54 /* Debug */,
				1D6058950D05DD3E006BFB54 /* Release */,
			);
			defaultConfigurationIsVisible = 0;
			defaultConfigurationName = Release;
		};
		C01FCF4E08A954540054247B /* Build configuration list for PBXProject "PaidIt" */ = {
			isa = XCConfigurationList;
			buildConfigurations = (
				C01FCF4F08A954540054247B /* Debug */,
				C01FCF5008A954540054247B /* Release */,
			);
			defaultConfigurationIsVisible = 0;
			defaultConfigurationName = Release;
		};
/* End XCConfigurationList section */
	};
	rootObject = 29B97313FDCFA39411CA2CEA /* Project object */;
}
